
Microsoft Visual Studio Solution File, Format Version 12.00
# Visual Studio Version 17
VisualStudioVersion = 17.5.002.0
MinimumVisualStudioVersion = 10.0.40219.1
Project("{9A19103F-16F7-4668-BE54-9A1E7A4F7556}") = "MiProyectoCSharp", "MiProyectoCSharp.csproj", "{AF6521A0-E98E-457B-B07D-8AB3104FE142}"
EndProject
Global
	GlobalSection(SolutionConfigurationPlatforms) = preSolution
		Debug|Any CPU = Debug|Any CPU
		Release|Any CPU = Release|Any CPU
	EndGlobalSection
	GlobalSection(ProjectConfigurationPlatforms) = postSolution
		{AF6521A0-E98E-457B-B07D-8AB3104FE142}.Debug|Any CPU.ActiveCfg = Debug|Any CPU
		{AF6521A0-E98E-457B-B07D-8AB3104FE142}.Debug|Any CPU.Build.0 = Debug|Any CPU
		{AF6521A0-E98E-457B-B07D-8AB3104FE142}.Release|Any CPU.ActiveCfg = Release|Any CPU
		{AF6521A0-E98E-457B-B07D-8AB3104FE142}.Release|Any CPU.Build.0 = Release|Any CPU
	EndGlobalSection
	GlobalSection(SolutionProperties) = preSolution
		HideSolutionNode = FALSE
	EndGlobalSection
	GlobalSection(ExtensibilityGlobals) = postSolution
		SolutionGuid = {F38FF462-F9C1-4B61-A158-8071E9F04D6F}
	EndGlobalSection
EndGlobal
